
Microsoft Visual Studio Solution File, Format Version 12.00
# Visual Studio Version 17
VisualStudioVersion = 17.0.32014.148
MinimumVisualStudioVersion = 10.0.40219.1
Project("{9A19103F-16F7-4668-BE54-9A1E7A4F7556}") = "PrySec.Core", "PrySec.Base\PrySec.Core.csproj", "{E7977464-5E85-4A28-AE9D-9F65A740A563}"
EndProject
Project("{9A19103F-16F7-4668-BE54-9A1E7A4F7556}") = "PrySec.Security", "PrySec.Security\PrySec.Security.csproj", "{FCAC5F84-D1A8-4C59-8344-0ABC7C9D3C88}"
EndProject
Project("{9A19103F-16F7-4668-BE54-9A1E7A4F7556}") = "Testing", "Testing\Testing.csproj", "{DFC570B3-FA45-4472-A689-B7EDE82B4DEC}"
EndProject
Project("{9A19103F-16F7-4668-BE54-9A1E7A4F7556}") = "PrySec.SecurityTests", "PrySec.SecurityTests\PrySec.SecurityTests.csproj", "{E9732B30-6602-4E4A-BC79-B70E9E591AEB}"
EndProject
Project("{2150E333-8FDC-42A3-9474-1A3956D46DE8}") = "Solution Items", "Solution Items", "{93B944C5-A24B-4BAB-91B4-502CA38A2F05}"
	ProjectSection(SolutionItems) = preProject
		.filenesting.json = .filenesting.json
	EndProjectSection
EndProject
Project("{FAE04EC0-301F-11D3-BF4B-00C04F79EFBC}") = "PrySec.CoreTests", "PrySec.CoreTests\PrySec.CoreTests.csproj", "{8D72EE8E-1430-4613-AE4E-471913F7FB61}"
EndProject
Global
	GlobalSection(SolutionConfigurationPlatforms) = preSolution
		Debug|Any CPU = Debug|Any CPU
		Release|Any CPU = Release|Any CPU
	EndGlobalSection
	GlobalSection(ProjectConfigurationPlatforms) = postSolution
		{E7977464-5E85-4A28-AE9D-9F65A740A563}.Debug|Any CPU.ActiveCfg = Debug|Any CPU
		{E7977464-5E85-4A28-AE9D-9F65A740A563}.Debug|Any CPU.Build.0 = Debug|Any CPU
		{E7977464-5E85-4A28-AE9D-9F65A740A563}.Release|Any CPU.ActiveCfg = Release|Any CPU
		{E7977464-5E85-4A28-AE9D-9F65A740A563}.Release|Any CPU.Build.0 = Release|Any CPU
		{FCAC5F84-D1A8-4C59-8344-0ABC7C9D3C88}.Debug|Any CPU.ActiveCfg = Debug|Any CPU
		{FCAC5F84-D1A8-4C59-8344-0ABC7C9D3C88}.Debug|Any CPU.Build.0 = Debug|Any CPU
		{FCAC5F84-D1A8-4C59-8344-0ABC7C9D3C88}.Release|Any CPU.ActiveCfg = Release|Any CPU
		{FCAC5F84-D1A8-4C59-8344-0ABC7C9D3C88}.Release|Any CPU.Build.0 = Release|Any CPU
		{DFC570B3-FA45-4472-A689-B7EDE82B4DEC}.Debug|Any CPU.ActiveCfg = Debug|Any CPU
		{DFC570B3-FA45-4472-A689-B7EDE82B4DEC}.Debug|Any CPU.Build.0 = Debug|Any CPU
		{DFC570B3-FA45-4472-A689-B7EDE82B4DEC}.Release|Any CPU.ActiveCfg = Release|Any CPU
		{DFC570B3-FA45-4472-A689-B7EDE82B4DEC}.Release|Any CPU.Build.0 = Release|Any CPU
		{E9732B30-6602-4E4A-BC79-B70E9E591AEB}.Debug|Any CPU.ActiveCfg = Debug|Any CPU
		{E9732B30-6602-4E4A-BC79-B70E9E591AEB}.Debug|Any CPU.Build.0 = Debug|Any CPU
		{E9732B30-6602-4E4A-BC79-B70E9E591AEB}.Release|Any CPU.ActiveCfg = Release|Any CPU
		{E9732B30-6602-4E4A-BC79-B70E9E591AEB}.Release|Any CPU.Build.0 = Release|Any CPU
		{8D72EE8E-1430-4613-AE4E-471913F7FB61}.Debug|Any CPU.ActiveCfg = Debug|Any CPU
		{8D72EE8E-1430-4613-AE4E-471913F7FB61}.Debug|Any CPU.Build.0 = Debug|Any CPU
		{8D72EE8E-1430-4613-AE4E-471913F7FB61}.Release|Any CPU.ActiveCfg = Release|Any CPU
		{8D72EE8E-1430-4613-AE4E-471913F7FB61}.Release|Any CPU.Build.0 = Release|Any CPU
	EndGlobalSection
	GlobalSection(SolutionProperties) = preSolution
		HideSolutionNode = FALSE
	EndGlobalSection
	GlobalSection(ExtensibilityGlobals) = postSolution
		SolutionGuid = {4E95300A-B978-429E-9FAE-C59332D602FC}
	EndGlobalSection
EndGlobal
