
Microsoft Visual Studio Solution File, Format Version 12.00
# Visual Studio Version 16
VisualStudioVersion = 16.0.31410.357
MinimumVisualStudioVersion = 10.0.40219.1
Project("{9A19103F-16F7-4668-BE54-9A1E7A4F7556}") = "PrySec.Base", "PrySec.Base\PrySec.Base.csproj", "{E7977464-5E85-4A28-AE9D-9F65A740A563}"
EndProject
Project("{FAE04EC0-301F-11D3-BF4B-00C04F79EFBC}") = "PrySec.Security", "PrySec.Security\PrySec.Security.csproj", "{FCAC5F84-D1A8-4C59-8344-0ABC7C9D3C88}"
EndProject
Global
	GlobalSection(SolutionConfigurationPlatforms) = preSolution
		Debug|Any CPU = Debug|Any CPU
		Release|Any CPU = Release|Any CPU
	EndGlobalSection
	GlobalSection(ProjectConfigurationPlatforms) = postSolution
		{E7977464-5E85-4A28-AE9D-9F65A740A563}.Debug|Any CPU.ActiveCfg = Debug|Any CPU
		{E7977464-5E85-4A28-AE9D-9F65A740A563}.Debug|Any CPU.Build.0 = Debug|Any CPU
		{E7977464-5E85-4A28-AE9D-9F65A740A563}.Release|Any CPU.ActiveCfg = Release|Any CPU
		{E7977464-5E85-4A28-AE9D-9F65A740A563}.Release|Any CPU.Build.0 = Release|Any CPU
		{FCAC5F84-D1A8-4C59-8344-0ABC7C9D3C88}.Debug|Any CPU.ActiveCfg = Debug|Any CPU
		{FCAC5F84-D1A8-4C59-8344-0ABC7C9D3C88}.Debug|Any CPU.Build.0 = Debug|Any CPU
		{FCAC5F84-D1A8-4C59-8344-0ABC7C9D3C88}.Release|Any CPU.ActiveCfg = Release|Any CPU
		{FCAC5F84-D1A8-4C59-8344-0ABC7C9D3C88}.Release|Any CPU.Build.0 = Release|Any CPU
	EndGlobalSection
	GlobalSection(SolutionProperties) = preSolution
		HideSolutionNode = FALSE
	EndGlobalSection
	GlobalSection(ExtensibilityGlobals) = postSolution
		SolutionGuid = {4E95300A-B978-429E-9FAE-C59332D602FC}
	EndGlobalSection
EndGlobal
